
Microsoft Visual Studio Solution File, Format Version 12.00
# Visual Studio Version 16
VisualStudioVersion = 16.0.30503.244
MinimumVisualStudioVersion = 10.0.40219.1
Project("{FAE04EC0-301F-11D3-BF4B-00C04F79EFBC}") = "WebApp", "WebApp\WebApp.csproj", "{651D637C-6F29-400C-B17A-2FC0702923AF}"
EndProject
Global
	GlobalSection(SolutionConfigurationPlatforms) = preSolution
		Debug|Any CPU = Debug|Any CPU
		Release|Any CPU = Release|Any CPU
	EndGlobalSection
	GlobalSection(ProjectConfigurationPlatforms) = postSolution
		{651D637C-6F29-400C-B17A-2FC0702923AF}.Debug|Any CPU.ActiveCfg = Debug|Any CPU
		{651D637C-6F29-400C-B17A-2FC0702923AF}.Debug|Any CPU.Build.0 = Debug|Any CPU
		{651D637C-6F29-400C-B17A-2FC0702923AF}.Release|Any CPU.ActiveCfg = Release|Any CPU
		{651D637C-6F29-400C-B17A-2FC0702923AF}.Release|Any CPU.Build.0 = Release|Any CPU
	EndGlobalSection
	GlobalSection(SolutionProperties) = preSolution
		HideSolutionNode = FALSE
	EndGlobalSection
	GlobalSection(ExtensibilityGlobals) = postSolution
		SolutionGuid = {0699B2D2-6F93-4C05-AA7F-27D9379EA826}
	EndGlobalSection
EndGlobal
